
Microsoft Visual Studio Solution File, Format Version 12.00
# Visual Studio Version 17
VisualStudioVersion = 17.2.32505.173
MinimumVisualStudioVersion = 10.0.40219.1
Project("{FAE04EC0-301F-11D3-BF4B-00C04F79EFBC}") = "BlazorCrud_EF_CodeFirst", "BlazorCrud_EF_CodeFirst\BlazorCrud_EF_CodeFirst.csproj", "{76E3C341-9345-48AD-9A68-3AA82058094B}"
EndProject
Project("{2150E333-8FDC-42A3-9474-1A3956D46DE8}") = "Solution Items", "Solution Items", "{C33D0DF7-881F-4D3D-8755-7F051D055E86}"
	ProjectSection(SolutionItems) = preProject
		ConsoleCommands.txt = ConsoleCommands.txt
		videoUrl1.txt = videoUrl1.txt
	EndProjectSection
EndProject
Global
	GlobalSection(SolutionConfigurationPlatforms) = preSolution
		Debug|Any CPU = Debug|Any CPU
		Release|Any CPU = Release|Any CPU
	EndGlobalSection
	GlobalSection(ProjectConfigurationPlatforms) = postSolution
		{76E3C341-9345-48AD-9A68-3AA82058094B}.Debug|Any CPU.ActiveCfg = Debug|Any CPU
		{76E3C341-9345-48AD-9A68-3AA82058094B}.Debug|Any CPU.Build.0 = Debug|Any CPU
		{76E3C341-9345-48AD-9A68-3AA82058094B}.Release|Any CPU.ActiveCfg = Release|Any CPU
		{76E3C341-9345-48AD-9A68-3AA82058094B}.Release|Any CPU.Build.0 = Release|Any CPU
	EndGlobalSection
	GlobalSection(SolutionProperties) = preSolution
		HideSolutionNode = FALSE
	EndGlobalSection
	GlobalSection(ExtensibilityGlobals) = postSolution
		SolutionGuid = {F2963235-CD1F-41D5-AE0A-7260EEE61D99}
	EndGlobalSection
EndGlobal
